<?xml version="1.0" encoding="UTF-8" standalone="yes" ?>
<CodeBlocks_project_file>
	<FileVersion major="1" minor="6" />
	<Project>
		<Option title="SDLProject" />
		<Option pch_mode="2" />
		<Option compiler="gcc" />
		<Build>
			<Target title="Debug">
				<Option output="bin/Debug/SDLProject" prefix_auto="1" extension_auto="1" />
				<Option object_output="obj/Debug/" />
				<Option type="1" />
				<Option compiler="gcc" />
				<Compiler>
					<Add option="-g" />
					<Add directory="./" />
					<Add directory="src/core" />
					<Add directory="src/animator" />
					<Add directory="src/object" />
					<Add directory="src/physics" />
					<Add directory="src/graphics" />
					<Add directory="src/characters" />
					<Add directory="src/event-handler" />
					<Add directory="src/timer" />
				</Compiler>
			</Target>
			<Target title="Release">
				<Option output="bin/Release/SDLProject" prefix_auto="1" extension_auto="1" />
				<Option object_output="obj/Release/" />
				<Option type="1" />
				<Option compiler="gcc" />
				<Compiler>
					<Add option="-O2" />
					<Add directory="src/core" />
					<Add directory="src/animator" />
					<Add directory="./" />
					<Add directory="src/physics" />
					<Add directory="src/event-handler" />
					<Add directory="src/timer" />
				</Compiler>
				<Linker>
					<Add option="-s" />
				</Linker>
			</Target>
		</Build>
		<Compiler>
			<Add option="-Wall" />
			<Add option="-fexceptions" />
		</Compiler>
		<Unit filename="main.cpp" />
		<Unit filename="src/animator/Animator.cpp" />
		<Unit filename="src/animator/Animator.h" />
		<Unit filename="src/characters/Character.h" />
		<Unit filename="src/characters/Player.cpp" />
		<Unit filename="src/characters/Player.h" />
		<Unit filename="src/core/Engine.cpp" />
		<Unit filename="src/core/Engine.h" />
		<Unit filename="src/event-handler/EventHandler.cpp" />
		<Unit filename="src/event-handler/EventHandler.h" />
		<Unit filename="src/graphics/TextureManager.cpp" />
		<Unit filename="src/graphics/TextureManager.h" />
		<Unit filename="src/object/GameObject.h" />
		<Unit filename="src/object/IObject.h" />
		<Unit filename="src/physics/RigidBody.h" />
		<Unit filename="src/physics/Transform.h" />
		<Unit filename="src/physics/Vector2D.h" />
		<Unit filename="src/timer/Timer.cpp" />
		<Unit filename="src/timer/Timer.h" />
		<Extensions>
			<lib_finder disable_auto="1" />
		</Extensions>
	</Project>
</CodeBlocks_project_file>
